
Microsoft Visual Studio Solution File, Format Version 12.00
# Visual Studio Version 17
VisualStudioVersion = 17.1.32210.238
MinimumVisualStudioVersion = 10.0.40219.1
Project("{9A19103F-16F7-4668-BE54-9A1E7A4F7556}") = "DarkLand", "DarkLand.csproj", "{88900758-D226-4E4D-9490-FBA032C3A37D}"
EndProject
Project("{54435603-DBB4-11D2-8724-00A0C9A8B90C}") = "DarkLand Setup", "..\Instalador Dark Land\DarkLand Setup\DarkLand Setup.vdproj", "{23F58367-F0CA-4544-9EBC-9DBA2CA9F475}"
EndProject
Global
	GlobalSection(SolutionConfigurationPlatforms) = preSolution
		Debug|Any CPU = Debug|Any CPU
		Release|Any CPU = Release|Any CPU
	EndGlobalSection
	GlobalSection(ProjectConfigurationPlatforms) = postSolution
		{88900758-D226-4E4D-9490-FBA032C3A37D}.Debug|Any CPU.ActiveCfg = Debug|Any CPU
		{88900758-D226-4E4D-9490-FBA032C3A37D}.Debug|Any CPU.Build.0 = Debug|Any CPU
		{88900758-D226-4E4D-9490-FBA032C3A37D}.Release|Any CPU.ActiveCfg = Release|Any CPU
		{88900758-D226-4E4D-9490-FBA032C3A37D}.Release|Any CPU.Build.0 = Release|Any CPU
		{23F58367-F0CA-4544-9EBC-9DBA2CA9F475}.Debug|Any CPU.ActiveCfg = Debug
		{23F58367-F0CA-4544-9EBC-9DBA2CA9F475}.Release|Any CPU.ActiveCfg = Release
	EndGlobalSection
	GlobalSection(SolutionProperties) = preSolution
		HideSolutionNode = FALSE
	EndGlobalSection
	GlobalSection(ExtensibilityGlobals) = postSolution
		SolutionGuid = {71EBB749-38E9-4146-BCF3-4A707C9F7F9C}
	EndGlobalSection
EndGlobal
